%{"conform": {:package, "0.10.0"},
  "cowboy": {:git, "git://github.com/extend/cowboy.git", "a2fabcdecf0824b8b879f98e0601ab1477e3cb4e", []},
  "cowlib": {:git, "git://github.com/ninenines/cowlib.git", "d544a494af4dbc810fc9c15eaf5cc050cced1501", [ref: "1.0.0"]},
  "exrm": {:package, "0.14.0"},
  "ranch": {:git, "git://github.com/ninenines/ranch.git", "adf1822defc2b7cfdc7aca112adabfa1d614043c", [ref: "1.0.0"]}}
