%{"conform": {:package, "0.8.2"},
  "cowboy": {:git, "git://github.com/extend/cowboy.git", "99061274b6dc602614a07a8751ea3925950f6b80", []},
  "cowlib": {:git, "git://github.com/extend/cowlib.git", "e2ffefe828b918486e2cd76e44c54ae9b62c616e", [ref: "0.6.2"]},
  "exrm": {:package, "0.12.6"},
  "ranch": {:git, "git://github.com/extend/ranch.git", "3189ef2d47843945efc96c224963380462c33d40", [ref: "0.10.0"]}}
